// !$*UTF8*$!
{
	archiveVersion = 1;
	classes = {
	};
	objectVersion = 46;
	objects = {

/* Begin PBXBuildFile section */
		9FA187D41E9BD0FD00263364 /* main.m in Sources */ = {isa = PBXBuildFile; fileRef = 9FA187D31E9BD0FD00263364 /* main.m */; };
		9FA187D71E9BD0FD00263364 /* AppDelegate.m in Sources */ = {isa = PBXBuildFile; fileRef = 9FA187D61E9BD0FD00263364 /* AppDelegate.m */; };
		9FA187DA1E9BD0FE00263364 /* ScannerController.m in Sources */ = {isa = PBXBuildFile; fileRef = 9FA187D91E9BD0FE00263364 /* ScannerController.m */; };
		9FA187DD1E9BD0FE00263364 /* Main.storyboard in Resources */ = {isa = PBXBuildFile; fileRef = 9FA187DB1E9BD0FE00263364 /* Main.storyboard */; };
		9FA187DF1E9BD0FE00263364 /* Assets.xcassets in Resources */ = {isa = PBXBuildFile; fileRef = 9FA187DE1E9BD0FE00263364 /* Assets.xcassets */; };
		9FA187E21E9BD0FE00263364 /* LaunchScreen.storyboard in Resources */ = {isa = PBXBuildFile; fileRef = 9FA187E01E9BD0FE00263364 /* LaunchScreen.storyboard */; };
		9FA187ED1E9BD34F00263364 /* AVFoundation.framework in Frameworks */ = {isa = PBXBuildFile; fileRef = 9FA187EC1E9BD34F00263364 /* AVFoundation.framework */; };
		9FA187F01E9C19C100263364 /* BarcodePreview.m in Sources */ = {isa = PBXBuildFile; fileRef = 9FA187EF1E9C19C100263364 /* BarcodePreview.m */; };
/* End PBXBuildFile section */

/* Begin PBXFileReference section */
		9FA187CF1E9BD0FD00263364 /* Barcode Scanner.app */ = {isa = PBXFileReference; explicitFileType = wrapper.application; includeInIndex = 0; path = "Barcode Scanner.app"; sourceTree = BUILT_PRODUCTS_DIR; };
		9FA187D31E9BD0FD00263364 /* main.m */ = {isa = PBXFileReference; lastKnownFileType = sourcecode.c.objc; path = main.m; sourceTree = "<group>"; };
		9FA187D51E9BD0FD00263364 /* AppDelegate.h */ = {isa = PBXFileReference; lastKnownFileType = sourcecode.c.h; path = AppDelegate.h; sourceTree = "<group>"; };
		9FA187D61E9BD0FD00263364 /* AppDelegate.m */ = {isa = PBXFileReference; lastKnownFileType = sourcecode.c.objc; path = AppDelegate.m; sourceTree = "<group>"; };
		9FA187D81E9BD0FE00263364 /* ScannerController.h */ = {isa = PBXFileReference; lastKnownFileType = sourcecode.c.h; path = ScannerController.h; sourceTree = "<group>"; };
		9FA187D91E9BD0FE00263364 /* ScannerController.m */ = {isa = PBXFileReference; lastKnownFileType = sourcecode.c.objc; path = ScannerController.m; sourceTree = "<group>"; };
		9FA187DC1E9BD0FE00263364 /* Base */ = {isa = PBXFileReference; lastKnownFileType = file.storyboard; name = Base; path = Base.lproj/Main.storyboard; sourceTree = "<group>"; };
		9FA187DE1E9BD0FE00263364 /* Assets.xcassets */ = {isa = PBXFileReference; lastKnownFileType = folder.assetcatalog; path = Assets.xcassets; sourceTree = "<group>"; };
		9FA187E11E9BD0FE00263364 /* Base */ = {isa = PBXFileReference; lastKnownFileType = file.storyboard; name = Base; path = Base.lproj/LaunchScreen.storyboard; sourceTree = "<group>"; };
		9FA187E31E9BD0FE00263364 /* Info.plist */ = {isa = PBXFileReference; lastKnownFileType = text.plist.xml; path = Info.plist; sourceTree = "<group>"; };
		9FA187EA1E9BD22800263364 /* AVKit.framework */ = {isa = PBXFileReference; lastKnownFileType = wrapper.framework; name = AVKit.framework; path = System/Library/Frameworks/AVKit.framework; sourceTree = SDKROOT; };
		9FA187EC1E9BD34F00263364 /* AVFoundation.framework */ = {isa = PBXFileReference; lastKnownFileType = wrapper.framework; name = AVFoundation.framework; path = System/Library/Frameworks/AVFoundation.framework; sourceTree = SDKROOT; };
		9FA187EE1E9C19C100263364 /* BarcodePreview.h */ = {isa = PBXFileReference; fileEncoding = 4; lastKnownFileType = sourcecode.c.h; path = BarcodePreview.h; sourceTree = "<group>"; };
		9FA187EF1E9C19C100263364 /* BarcodePreview.m */ = {isa = PBXFileReference; fileEncoding = 4; lastKnownFileType = sourcecode.c.objc; path = BarcodePreview.m; sourceTree = "<group>"; };
/* End PBXFileReference section */

/* Begin PBXFrameworksBuildPhase section */
		9FA187CC1E9BD0FD00263364 /* Frameworks */ = {
			isa = PBXFrameworksBuildPhase;
			buildActionMask = 2147483647;
			files = (
				9FA187ED1E9BD34F00263364 /* AVFoundation.framework in Frameworks */,
			);
			runOnlyForDeploymentPostprocessing = 0;
		};
/* End PBXFrameworksBuildPhase section */

/* Begin PBXGroup section */
		9FA187C61E9BD0FD00263364 = {
			isa = PBXGroup;
			children = (
				9FA187D11E9BD0FD00263364 /* Barcode Scanner */,
				9FA187D01E9BD0FD00263364 /* Products */,
				9FA187E91E9BD22800263364 /* Frameworks */,
			);
			sourceTree = "<group>";
		};
		9FA187D01E9BD0FD00263364 /* Products */ = {
			isa = PBXGroup;
			children = (
				9FA187CF1E9BD0FD00263364 /* Barcode Scanner.app */,
			);
			name = Products;
			sourceTree = "<group>";
		};
		9FA187D11E9BD0FD00263364 /* Barcode Scanner */ = {
			isa = PBXGroup;
			children = (
				9FA187D51E9BD0FD00263364 /* AppDelegate.h */,
				9FA187D61E9BD0FD00263364 /* AppDelegate.m */,
				9FA187D81E9BD0FE00263364 /* ScannerController.h */,
				9FA187D91E9BD0FE00263364 /* ScannerController.m */,
				9FA187DB1E9BD0FE00263364 /* Main.storyboard */,
				9FA187DE1E9BD0FE00263364 /* Assets.xcassets */,
				9FA187E01E9BD0FE00263364 /* LaunchScreen.storyboard */,
				9FA187E31E9BD0FE00263364 /* Info.plist */,
				9FA187D21E9BD0FD00263364 /* Supporting Files */,
				9FA187EE1E9C19C100263364 /* BarcodePreview.h */,
				9FA187EF1E9C19C100263364 /* BarcodePreview.m */,
			);
			path = "Barcode Scanner";
			sourceTree = "<group>";
		};
		9FA187D21E9BD0FD00263364 /* Supporting Files */ = {
			isa = PBXGroup;
			children = (
				9FA187D31E9BD0FD00263364 /* main.m */,
			);
			name = "Supporting Files";
			sourceTree = "<group>";
		};
		9FA187E91E9BD22800263364 /* Frameworks */ = {
			isa = PBXGroup;
			children = (
				9FA187EC1E9BD34F00263364 /* AVFoundation.framework */,
				9FA187EA1E9BD22800263364 /* AVKit.framework */,
			);
			name = Frameworks;
			sourceTree = "<group>";
		};
/* End PBXGroup section */

/* Begin PBXNativeTarget section */
		9FA187CE1E9BD0FD00263364 /* Barcode Scanner */ = {
			isa = PBXNativeTarget;
			buildConfigurationList = 9FA187E61E9BD0FE00263364 /* Build configuration list for PBXNativeTarget "Barcode Scanner" */;
			buildPhases = (
				9FA187CB1E9BD0FD00263364 /* Sources */,
				9FA187CC1E9BD0FD00263364 /* Frameworks */,
				9FA187CD1E9BD0FD00263364 /* Resources */,
			);
			buildRules = (
			);
			dependencies = (
			);
			name = "Barcode Scanner";
			productName = "Barcode Scanner";
			productReference = 9FA187CF1E9BD0FD00263364 /* Barcode Scanner.app */;
			productType = "com.apple.product-type.application";
		};
/* End PBXNativeTarget section */

/* Begin PBXProject section */
		9FA187C71E9BD0FD00263364 /* Project object */ = {
			isa = PBXProject;
			attributes = {
				LastUpgradeCheck = 0920;
				ORGANIZATIONNAME = "Aaron Rudolph";
				TargetAttributes = {
					9FA187CE1E9BD0FD00263364 = {
						CreatedOnToolsVersion = 8.3;
						DevelopmentTeam = RG2HU9RVB4;
						ProvisioningStyle = Automatic;
					};
				};
			};
			buildConfigurationList = 9FA187CA1E9BD0FD00263364 /* Build configuration list for PBXProject "Barcode Scanner" */;
			compatibilityVersion = "Xcode 3.2";
			developmentRegion = English;
			hasScannedForEncodings = 0;
			knownRegions = (
				en,
				Base,
			);
			mainGroup = 9FA187C61E9BD0FD00263364;
			productRefGroup = 9FA187D01E9BD0FD00263364 /* Products */;
			projectDirPath = "";
			projectRoot = "";
			targets = (
				9FA187CE1E9BD0FD00263364 /* Barcode Scanner */,
			);
		};
/* End PBXProject section */

/* Begin PBXResourcesBuildPhase section */
		9FA187CD1E9BD0FD00263364 /* Resources */ = {
			isa = PBXResourcesBuildPhase;
			buildActionMask = 2147483647;
			files = (
				9FA187E21E9BD0FE00263364 /* LaunchScreen.storyboard in Resources */,
				9FA187DF1E9BD0FE00263364 /* Assets.xcassets in Resources */,
				9FA187DD1E9BD0FE00263364 /* Main.storyboard in Resources */,
			);
			runOnlyForDeploymentPostprocessing = 0;
		};
/* End PBXResourcesBuildPhase section */

/* Begin PBXSourcesBuildPhase section */
		9FA187CB1E9BD0FD00263364 /* Sources */ = {
			isa = PBXSourcesBuildPhase;
			buildActionMask = 2147483647;
			files = (
				9FA187DA1E9BD0FE00263364 /* ScannerController.m in Sources */,
				9FA187F01E9C19C100263364 /* BarcodePreview.m in Sources */,
				9FA187D71E9BD0FD00263364 /* AppDelegate.m in Sources */,
				9FA187D41E9BD0FD00263364 /* main.m in Sources */,
			);
			runOnlyForDeploymentPostprocessing = 0;
		};
/* End PBXSourcesBuildPhase section */

/* Begin PBXVariantGroup section */
		9FA187DB1E9BD0FE00263364 /* Main.storyboard */ = {
			isa = PBXVariantGroup;
			children = (
				9FA187DC1E9BD0FE00263364 /* Base */,
			);
			name = Main.storyboard;
			sourceTree = "<group>";
		};
		9FA187E01E9BD0FE00263364 /* LaunchScreen.storyboard */ = {
			isa = PBXVariantGroup;
			children = (
				9FA187E11E9BD0FE00263364 /* Base */,
			);
			name = LaunchScreen.storyboard;
			sourceTree = "<group>";
		};
/* End PBXVariantGroup section */

/* Begin XCBuildConfiguration section */
		9FA187E41E9BD0FE00263364 /* Debug */ = {
			isa = XCBuildConfiguration;
			buildSettings = {
				ALWAYS_SEARCH_USER_PATHS = NO;
				CLANG_ANALYZER_NONNULL = YES;
				CLANG_ANALYZER_NUMBER_OBJECT_CONVERSION = YES_AGGRESSIVE;
				CLANG_CXX_LANGUAGE_STANDARD = "gnu++0x";
				CLANG_CXX_LIBRARY = "libc++";
				CLANG_ENABLE_MODULES = YES;
				CLANG_ENABLE_OBJC_ARC = YES;
				CLANG_WARN_BLOCK_CAPTURE_AUTORELEASING = YES;
				CLANG_WARN_BOOL_CONVERSION = YES;
				CLANG_WARN_COMMA = YES;
				CLANG_WARN_CONSTANT_CONVERSION = YES;
				CLANG_WARN_DIRECT_OBJC_ISA_USAGE = YES_ERROR;
				CLANG_WARN_DOCUMENTATION_COMMENTS = YES;
				CLANG_WARN_EMPTY_BODY = YES;
				CLANG_WARN_ENUM_CONVERSION = YES;
				CLANG_WARN_INFINITE_RECURSION = YES;
				CLANG_WARN_INT_CONVERSION = YES;
				CLANG_WARN_NON_LITERAL_NULL_CONVERSION = YES;
				CLANG_WARN_OBJC_LITERAL_CONVERSION = YES;
				CLANG_WARN_OBJC_ROOT_CLASS = YES_ERROR;
				CLANG_WARN_RANGE_LOOP_ANALYSIS = YES;
				CLANG_WARN_STRICT_PROTOTYPES = YES;
				CLANG_WARN_SUSPICIOUS_MOVE = YES;
				CLANG_WARN_UNREACHABLE_CODE = YES;
				CLANG_WARN__DUPLICATE_METHOD_MATCH = YES;
				"CODE_SIGN_IDENTITY[sdk=iphoneos*]" = "iPhone Developer";
				COPY_PHASE_STRIP = NO;
				DEBUG_INFORMATION_FORMAT = dwarf;
				ENABLE_STRICT_OBJC_MSGSEND = YES;
				ENABLE_TESTABILITY = YES;
				GCC_C_LANGUAGE_STANDARD = gnu99;
				GCC_DYNAMIC_NO_PIC = NO;
				GCC_NO_COMMON_BLOCKS = YES;
				GCC_OPTIMIZATION_LEVEL = 0;
				GCC_PREPROCESSOR_DEFINITIONS = (
					"DEBUG=1",
					"$(inherited)",
				);
				GCC_WARN_64_TO_32_BIT_CONVERSION = YES;
				GCC_WARN_ABOUT_RETURN_TYPE = YES_ERROR;
				GCC_WARN_UNDECLARED_SELECTOR = YES;
				GCC_WARN_UNINITIALIZED_AUTOS = YES_AGGRESSIVE;
				GCC_WARN_UNUSED_FUNCTION = YES;
				GCC_WARN_UNUSED_VARIABLE = YES;
				IPHONEOS_DEPLOYMENT_TARGET = 10.3;
				MTL_ENABLE_DEBUG_INFO = YES;
				ONLY_ACTIVE_ARCH = YES;
				SDKROOT = iphoneos;
				TARGETED_DEVICE_FAMILY = "1,2";
			};
			name = Debug;
		};
		9FA187E51E9BD0FE00263364 /* Release */ = {
			isa = XCBuildConfiguration;
			buildSettings = {
				ALWAYS_SEARCH_USER_PATHS = NO;
				CLANG_ANALYZER_NONNULL = YES;
				CLANG_ANALYZER_NUMBER_OBJECT_CONVERSION = YES_AGGRESSIVE;
				CLANG_CXX_LANGUAGE_STANDARD = "gnu++0x";
				CLANG_CXX_LIBRARY = "libc++";
				CLANG_ENABLE_MODULES = YES;
				CLANG_ENABLE_OBJC_ARC = YES;
				CLANG_WARN_BLOCK_CAPTURE_AUTORELEASING = YES;
				CLANG_WARN_BOOL_CONVERSION = YES;
				CLANG_WARN_COMMA = YES;
				CLANG_WARN_CONSTANT_CONVERSION = YES;
				CLANG_WARN_DIRECT_OBJC_ISA_USAGE = YES_ERROR;
				CLANG_WARN_DOCUMENTATION_COMMENTS = YES;
				CLANG_WARN_EMPTY_BODY = YES;
				CLANG_WARN_ENUM_CONVERSION = YES;
				CLANG_WARN_INFINITE_RECURSION = YES;
				CLANG_WARN_INT_CONVERSION = YES;
				CLANG_WARN_NON_LITERAL_NULL_CONVERSION = YES;
				CLANG_WARN_OBJC_LITERAL_CONVERSION = YES;
				CLANG_WARN_OBJC_ROOT_CLASS = YES_ERROR;
				CLANG_WARN_RANGE_LOOP_ANALYSIS = YES;
				CLANG_WARN_STRICT_PROTOTYPES = YES;
				CLANG_WARN_SUSPICIOUS_MOVE = YES;
				CLANG_WARN_UNREACHABLE_CODE = YES;
				CLANG_WARN__DUPLICATE_METHOD_MATCH = YES;
				"CODE_SIGN_IDENTITY[sdk=iphoneos*]" = "iPhone Developer";
				COPY_PHASE_STRIP = NO;
				DEBUG_INFORMATION_FORMAT = "dwarf-with-dsym";
				ENABLE_NS_ASSERTIONS = NO;
				ENABLE_STRICT_OBJC_MSGSEND = YES;
				GCC_C_LANGUAGE_STANDARD = gnu99;
				GCC_NO_COMMON_BLOCKS = YES;
				GCC_WARN_64_TO_32_BIT_CONVERSION = YES;
				GCC_WARN_ABOUT_RETURN_TYPE = YES_ERROR;
				GCC_WARN_UNDECLARED_SELECTOR = YES;
				GCC_WARN_UNINITIALIZED_AUTOS = YES_AGGRESSIVE;
				GCC_WARN_UNUSED_FUNCTION = YES;
				GCC_WARN_UNUSED_VARIABLE = YES;
				IPHONEOS_DEPLOYMENT_TARGET = 10.3;
				MTL_ENABLE_DEBUG_INFO = NO;
				SDKROOT = iphoneos;
				TARGETED_DEVICE_FAMILY = "1,2";
				VALIDATE_PRODUCT = YES;
			};
			name = Release;
		};
		9FA187E71E9BD0FE00263364 /* Debug */ = {
			isa = XCBuildConfiguration;
			buildSettings = {
				ASSETCATALOG_COMPILER_APPICON_NAME = AppIcon;
				"CODE_SIGN_IDENTITY[sdk=iphoneos*]" = "iPhone Developer";
				DEVELOPMENT_TEAM = RG2HU9RVB4;
				INFOPLIST_FILE = "Barcode Scanner/Info.plist";
				LD_RUNPATH_SEARCH_PATHS = "$(inherited) @executable_path/Frameworks";
				PRODUCT_BUNDLE_IDENTIFIER = "com.na.Barcode-Scanner";
				PRODUCT_NAME = "$(TARGET_NAME)";
				PROVISIONING_PROFILE = "";
				PROVISIONING_PROFILE_SPECIFIER = "";
				TARGETED_DEVICE_FAMILY = 1;
			};
			name = Debug;
		};
		9FA187E81E9BD0FE00263364 /* Release */ = {
			isa = XCBuildConfiguration;
			buildSettings = {
				ASSETCATALOG_COMPILER_APPICON_NAME = AppIcon;
				"CODE_SIGN_IDENTITY[sdk=iphoneos*]" = "iPhone Developer";
				DEVELOPMENT_TEAM = RG2HU9RVB4;
				INFOPLIST_FILE = "Barcode Scanner/Info.plist";
				LD_RUNPATH_SEARCH_PATHS = "$(inherited) @executable_path/Frameworks";
				PRODUCT_BUNDLE_IDENTIFIER = "com.na.Barcode-Scanner";
				PRODUCT_NAME = "$(TARGET_NAME)";
				PROVISIONING_PROFILE = "";
				PROVISIONING_PROFILE_SPECIFIER = "";
				TARGETED_DEVICE_FAMILY = 1;
			};
			name = Release;
		};
/* End XCBuildConfiguration section */

/* Begin XCConfigurationList section */
		9FA187CA1E9BD0FD00263364 /* Build configuration list for PBXProject "Barcode Scanner" */ = {
			isa = XCConfigurationList;
			buildConfigurations = (
				9FA187E41E9BD0FE00263364 /* Debug */,
				9FA187E51E9BD0FE00263364 /* Release */,
			);
			defaultConfigurationIsVisible = 0;
			defaultConfigurationName = Release;
		};
		9FA187E61E9BD0FE00263364 /* Build configuration list for PBXNativeTarget "Barcode Scanner" */ = {
			isa = XCConfigurationList;
			buildConfigurations = (
				9FA187E71E9BD0FE00263364 /* Debug */,
				9FA187E81E9BD0FE00263364 /* Release */,
			);
			defaultConfigurationIsVisible = 0;
			defaultConfigurationName = Release;
		};
/* End XCConfigurationList section */
	};
	rootObject = 9FA187C71E9BD0FD00263364 /* Project object */;
}
